
Microsoft Visual Studio Solution File, Format Version 12.00
# Visual Studio 15
VisualStudioVersion = 15.0.27130.2010
MinimumVisualStudioVersion = 10.0.40219.1
Project("{FAE04EC0-301F-11D3-BF4B-00C04F79EFBC}") = "appCenterTestApp.Android", "appCenterTestApp\appCenterTestApp.Android\appCenterTestApp.Android.csproj", "{46D65F85-D953-4455-8EB9-118FA4868509}"
EndProject
Project("{FAE04EC0-301F-11D3-BF4B-00C04F79EFBC}") = "appCenterTestApp.iOS", "appCenterTestApp\appCenterTestApp.iOS\appCenterTestApp.iOS.csproj", "{E4A646FF-D43E-4B80-B48F-018959D10B38}"
EndProject
Project("{FAE04EC0-301F-11D3-BF4B-00C04F79EFBC}") = "appCenterTestApp.UWP", "appCenterTestApp\appCenterTestApp.UWP\appCenterTestApp.UWP.csproj", "{AF9A59E4-7DE2-431D-ACDB-F3FAF0F4AECB}"
EndProject
Project("{D954291E-2A0B-460D-934E-DC6B0785DB48}") = "appCenterTestApp", "appCenterTestApp\appCenterTestApp\appCenterTestApp.shproj", "{9255AA12-A192-4960-BCE9-B2950E194499}"
EndProject
Global
	GlobalSection(SharedMSBuildProjectFiles) = preSolution
		appCenterTestApp\appCenterTestApp\appCenterTestApp.projitems*{46d65f85-d953-4455-8eb9-118fa4868509}*SharedItemsImports = 4
		appCenterTestApp\appCenterTestApp\appCenterTestApp.projitems*{9255aa12-a192-4960-bce9-b2950e194499}*SharedItemsImports = 13
		appCenterTestApp\appCenterTestApp\appCenterTestApp.projitems*{af9a59e4-7de2-431d-acdb-f3faf0f4aecb}*SharedItemsImports = 4
		appCenterTestApp\appCenterTestApp\appCenterTestApp.projitems*{e4a646ff-d43e-4b80-b48f-018959d10b38}*SharedItemsImports = 4
	EndGlobalSection
	GlobalSection(SolutionConfigurationPlatforms) = preSolution
		Ad-Hoc|Any CPU = Ad-Hoc|Any CPU
		Ad-Hoc|ARM = Ad-Hoc|ARM
		Ad-Hoc|iPhone = Ad-Hoc|iPhone
		Ad-Hoc|iPhoneSimulator = Ad-Hoc|iPhoneSimulator
		Ad-Hoc|x64 = Ad-Hoc|x64
		Ad-Hoc|x86 = Ad-Hoc|x86
		AppStore|Any CPU = AppStore|Any CPU
		AppStore|ARM = AppStore|ARM
		AppStore|iPhone = AppStore|iPhone
		AppStore|iPhoneSimulator = AppStore|iPhoneSimulator
		AppStore|x64 = AppStore|x64
		AppStore|x86 = AppStore|x86
		Debug|Any CPU = Debug|Any CPU
		Debug|ARM = Debug|ARM
		Debug|iPhone = Debug|iPhone
		Debug|iPhoneSimulator = Debug|iPhoneSimulator
		Debug|x64 = Debug|x64
		Debug|x86 = Debug|x86
		Release|Any CPU = Release|Any CPU
		Release|ARM = Release|ARM
		Release|iPhone = Release|iPhone
		Release|iPhoneSimulator = Release|iPhoneSimulator
		Release|x64 = Release|x64
		Release|x86 = Release|x86
	EndGlobalSection
	GlobalSection(ProjectConfigurationPlatforms) = postSolution
		{46D65F85-D953-4455-8EB9-118FA4868509}.Ad-Hoc|Any CPU.ActiveCfg = Release|Any CPU
		{46D65F85-D953-4455-8EB9-118FA4868509}.Ad-Hoc|Any CPU.Build.0 = Release|Any CPU
		{46D65F85-D953-4455-8EB9-118FA4868509}.Ad-Hoc|Any CPU.Deploy.0 = Release|Any CPU
		{46D65F85-D953-4455-8EB9-118FA4868509}.Ad-Hoc|ARM.ActiveCfg = Release|Any CPU
		{46D65F85-D953-4455-8EB9-118FA4868509}.Ad-Hoc|ARM.Build.0 = Release|Any CPU
		{46D65F85-D953-4455-8EB9-118FA4868509}.Ad-Hoc|ARM.Deploy.0 = Release|Any CPU
		{46D65F85-D953-4455-8EB9-118FA4868509}.Ad-Hoc|iPhone.ActiveCfg = Release|Any CPU
		{46D65F85-D953-4455-8EB9-118FA4868509}.Ad-Hoc|iPhone.Build.0 = Release|Any CPU
		{46D65F85-D953-4455-8EB9-118FA4868509}.Ad-Hoc|iPhone.Deploy.0 = Release|Any CPU
		{46D65F85-D953-4455-8EB9-118FA4868509}.Ad-Hoc|iPhoneSimulator.ActiveCfg = Release|Any CPU
		{46D65F85-D953-4455-8EB9-118FA4868509}.Ad-Hoc|iPhoneSimulator.Build.0 = Release|Any CPU
		{46D65F85-D953-4455-8EB9-118FA4868509}.Ad-Hoc|iPhoneSimulator.Deploy.0 = Release|Any CPU
		{46D65F85-D953-4455-8EB9-118FA4868509}.Ad-Hoc|x64.ActiveCfg = Release|Any CPU
		{46D65F85-D953-4455-8EB9-118FA4868509}.Ad-Hoc|x64.Build.0 = Release|Any CPU
		{46D65F85-D953-4455-8EB9-118FA4868509}.Ad-Hoc|x64.Deploy.0 = Release|Any CPU
		{46D65F85-D953-4455-8EB9-118FA4868509}.Ad-Hoc|x86.ActiveCfg = Release|Any CPU
		{46D65F85-D953-4455-8EB9-118FA4868509}.Ad-Hoc|x86.Build.0 = Release|Any CPU
		{46D65F85-D953-4455-8EB9-118FA4868509}.Ad-Hoc|x86.Deploy.0 = Release|Any CPU
		{46D65F85-D953-4455-8EB9-118FA4868509}.AppStore|Any CPU.ActiveCfg = Release|Any CPU
		{46D65F85-D953-4455-8EB9-118FA4868509}.AppStore|Any CPU.Build.0 = Release|Any CPU
		{46D65F85-D953-4455-8EB9-118FA4868509}.AppStore|Any CPU.Deploy.0 = Release|Any CPU
		{46D65F85-D953-4455-8EB9-118FA4868509}.AppStore|ARM.ActiveCfg = Release|Any CPU
		{46D65F85-D953-4455-8EB9-118FA4868509}.AppStore|ARM.Build.0 = Release|Any CPU
		{46D65F85-D953-4455-8EB9-118FA4868509}.AppStore|ARM.Deploy.0 = Release|Any CPU
		{46D65F85-D953-4455-8EB9-118FA4868509}.AppStore|iPhone.ActiveCfg = Release|Any CPU
		{46D65F85-D953-4455-8EB9-118FA4868509}.AppStore|iPhone.Build.0 = Release|Any CPU
		{46D65F85-D953-4455-8EB9-118FA4868509}.AppStore|iPhone.Deploy.0 = Release|Any CPU
		{46D65F85-D953-4455-8EB9-118FA4868509}.AppStore|iPhoneSimulator.ActiveCfg = Release|Any CPU
		{46D65F85-D953-4455-8EB9-118FA4868509}.AppStore|iPhoneSimulator.Build.0 = Release|Any CPU
		{46D65F85-D953-4455-8EB9-118FA4868509}.AppStore|iPhoneSimulator.Deploy.0 = Release|Any CPU
		{46D65F85-D953-4455-8EB9-118FA4868509}.AppStore|x64.ActiveCfg = Release|Any CPU
		{46D65F85-D953-4455-8EB9-118FA4868509}.AppStore|x64.Build.0 = Release|Any CPU
		{46D65F85-D953-4455-8EB9-118FA4868509}.AppStore|x64.Deploy.0 = Release|Any CPU
		{46D65F85-D953-4455-8EB9-118FA4868509}.AppStore|x86.ActiveCfg = Release|Any CPU
		{46D65F85-D953-4455-8EB9-118FA4868509}.AppStore|x86.Build.0 = Release|Any CPU
		{46D65F85-D953-4455-8EB9-118FA4868509}.AppStore|x86.Deploy.0 = Release|Any CPU
		{46D65F85-D953-4455-8EB9-118FA4868509}.Debug|Any CPU.ActiveCfg = Debug|Any CPU
		{46D65F85-D953-4455-8EB9-118FA4868509}.Debug|Any CPU.Build.0 = Debug|Any CPU
		{46D65F85-D953-4455-8EB9-118FA4868509}.Debug|Any CPU.Deploy.0 = Debug|Any CPU
		{46D65F85-D953-4455-8EB9-118FA4868509}.Debug|ARM.ActiveCfg = Debug|Any CPU
		{46D65F85-D953-4455-8EB9-118FA4868509}.Debug|ARM.Build.0 = Debug|Any CPU
		{46D65F85-D953-4455-8EB9-118FA4868509}.Debug|ARM.Deploy.0 = Debug|Any CPU
		{46D65F85-D953-4455-8EB9-118FA4868509}.Debug|iPhone.ActiveCfg = Debug|Any CPU
		{46D65F85-D953-4455-8EB9-118FA4868509}.Debug|iPhone.Build.0 = Debug|Any CPU
		{46D65F85-D953-4455-8EB9-118FA4868509}.Debug|iPhone.Deploy.0 = Debug|Any CPU
		{46D65F85-D953-4455-8EB9-118FA4868509}.Debug|iPhoneSimulator.ActiveCfg = Debug|Any CPU
		{46D65F85-D953-4455-8EB9-118FA4868509}.Debug|iPhoneSimulator.Build.0 = Debug|Any CPU
		{46D65F85-D953-4455-8EB9-118FA4868509}.Debug|iPhoneSimulator.Deploy.0 = Debug|Any CPU
		{46D65F85-D953-4455-8EB9-118FA4868509}.Debug|x64.ActiveCfg = Debug|Any CPU
		{46D65F85-D953-4455-8EB9-118FA4868509}.Debug|x64.Build.0 = Debug|Any CPU
		{46D65F85-D953-4455-8EB9-118FA4868509}.Debug|x64.Deploy.0 = Debug|Any CPU
		{46D65F85-D953-4455-8EB9-118FA4868509}.Debug|x86.ActiveCfg = Debug|Any CPU
		{46D65F85-D953-4455-8EB9-118FA4868509}.Debug|x86.Build.0 = Debug|Any CPU
		{46D65F85-D953-4455-8EB9-118FA4868509}.Debug|x86.Deploy.0 = Debug|Any CPU
		{46D65F85-D953-4455-8EB9-118FA4868509}.Release|Any CPU.ActiveCfg = Release|Any CPU
		{46D65F85-D953-4455-8EB9-118FA4868509}.Release|Any CPU.Build.0 = Release|Any CPU
		{46D65F85-D953-4455-8EB9-118FA4868509}.Release|Any CPU.Deploy.0 = Release|Any CPU
		{46D65F85-D953-4455-8EB9-118FA4868509}.Release|ARM.ActiveCfg = Release|Any CPU
		{46D65F85-D953-4455-8EB9-118FA4868509}.Release|ARM.Build.0 = Release|Any CPU
		{46D65F85-D953-4455-8EB9-118FA4868509}.Release|ARM.Deploy.0 = Release|Any CPU
		{46D65F85-D953-4455-8EB9-118FA4868509}.Release|iPhone.ActiveCfg = Release|Any CPU
		{46D65F85-D953-4455-8EB9-118FA4868509}.Release|iPhone.Build.0 = Release|Any CPU
		{46D65F85-D953-4455-8EB9-118FA4868509}.Release|iPhone.Deploy.0 = Release|Any CPU
		{46D65F85-D953-4455-8EB9-118FA4868509}.Release|iPhoneSimulator.ActiveCfg = Release|Any CPU
		{46D65F85-D953-4455-8EB9-118FA4868509}.Release|iPhoneSimulator.Build.0 = Release|Any CPU
		{46D65F85-D953-4455-8EB9-118FA4868509}.Release|iPhoneSimulator.Deploy.0 = Release|Any CPU
		{46D65F85-D953-4455-8EB9-118FA4868509}.Release|x64.ActiveCfg = Release|Any CPU
		{46D65F85-D953-4455-8EB9-118FA4868509}.Release|x64.Build.0 = Release|Any CPU
		{46D65F85-D953-4455-8EB9-118FA4868509}.Release|x64.Deploy.0 = Release|Any CPU
		{46D65F85-D953-4455-8EB9-118FA4868509}.Release|x86.ActiveCfg = Release|Any CPU
		{46D65F85-D953-4455-8EB9-118FA4868509}.Release|x86.Build.0 = Release|Any CPU
		{46D65F85-D953-4455-8EB9-118FA4868509}.Release|x86.Deploy.0 = Release|Any CPU
		{E4A646FF-D43E-4B80-B48F-018959D10B38}.Ad-Hoc|Any CPU.ActiveCfg = Ad-Hoc|iPhone
		{E4A646FF-D43E-4B80-B48F-018959D10B38}.Ad-Hoc|ARM.ActiveCfg = Ad-Hoc|iPhone
		{E4A646FF-D43E-4B80-B48F-018959D10B38}.Ad-Hoc|iPhone.ActiveCfg = Ad-Hoc|iPhone
		{E4A646FF-D43E-4B80-B48F-018959D10B38}.Ad-Hoc|iPhone.Build.0 = Ad-Hoc|iPhone
		{E4A646FF-D43E-4B80-B48F-018959D10B38}.Ad-Hoc|iPhoneSimulator.ActiveCfg = Ad-Hoc|iPhoneSimulator
		{E4A646FF-D43E-4B80-B48F-018959D10B38}.Ad-Hoc|iPhoneSimulator.Build.0 = Ad-Hoc|iPhoneSimulator
		{E4A646FF-D43E-4B80-B48F-018959D10B38}.Ad-Hoc|x64.ActiveCfg = Ad-Hoc|iPhone
		{E4A646FF-D43E-4B80-B48F-018959D10B38}.Ad-Hoc|x86.ActiveCfg = Ad-Hoc|iPhone
		{E4A646FF-D43E-4B80-B48F-018959D10B38}.AppStore|Any CPU.ActiveCfg = AppStore|iPhone
		{E4A646FF-D43E-4B80-B48F-018959D10B38}.AppStore|ARM.ActiveCfg = AppStore|iPhone
		{E4A646FF-D43E-4B80-B48F-018959D10B38}.AppStore|iPhone.ActiveCfg = AppStore|iPhone
		{E4A646FF-D43E-4B80-B48F-018959D10B38}.AppStore|iPhone.Build.0 = AppStore|iPhone
		{E4A646FF-D43E-4B80-B48F-018959D10B38}.AppStore|iPhoneSimulator.ActiveCfg = AppStore|iPhoneSimulator
		{E4A646FF-D43E-4B80-B48F-018959D10B38}.AppStore|iPhoneSimulator.Build.0 = AppStore|iPhoneSimulator
		{E4A646FF-D43E-4B80-B48F-018959D10B38}.AppStore|x64.ActiveCfg = AppStore|iPhone
		{E4A646FF-D43E-4B80-B48F-018959D10B38}.AppStore|x86.ActiveCfg = AppStore|iPhone
		{E4A646FF-D43E-4B80-B48F-018959D10B38}.Debug|Any CPU.ActiveCfg = Debug|iPhone
		{E4A646FF-D43E-4B80-B48F-018959D10B38}.Debug|ARM.ActiveCfg = Debug|iPhone
		{E4A646FF-D43E-4B80-B48F-018959D10B38}.Debug|iPhone.ActiveCfg = Debug|iPhone
		{E4A646FF-D43E-4B80-B48F-018959D10B38}.Debug|iPhone.Build.0 = Debug|iPhone
		{E4A646FF-D43E-4B80-B48F-018959D10B38}.Debug|iPhoneSimulator.ActiveCfg = Debug|iPhoneSimulator
		{E4A646FF-D43E-4B80-B48F-018959D10B38}.Debug|iPhoneSimulator.Build.0 = Debug|iPhoneSimulator
		{E4A646FF-D43E-4B80-B48F-018959D10B38}.Debug|x64.ActiveCfg = Debug|iPhone
		{E4A646FF-D43E-4B80-B48F-018959D10B38}.Debug|x86.ActiveCfg = Debug|iPhone
		{E4A646FF-D43E-4B80-B48F-018959D10B38}.Release|Any CPU.ActiveCfg = Release|iPhone
		{E4A646FF-D43E-4B80-B48F-018959D10B38}.Release|ARM.ActiveCfg = Release|iPhone
		{E4A646FF-D43E-4B80-B48F-018959D10B38}.Release|iPhone.ActiveCfg = Release|iPhone
		{E4A646FF-D43E-4B80-B48F-018959D10B38}.Release|iPhone.Build.0 = Release|iPhone
		{E4A646FF-D43E-4B80-B48F-018959D10B38}.Release|iPhoneSimulator.ActiveCfg = Release|iPhoneSimulator
		{E4A646FF-D43E-4B80-B48F-018959D10B38}.Release|iPhoneSimulator.Build.0 = Release|iPhoneSimulator
		{E4A646FF-D43E-4B80-B48F-018959D10B38}.Release|x64.ActiveCfg = Release|iPhone
		{E4A646FF-D43E-4B80-B48F-018959D10B38}.Release|x86.ActiveCfg = Release|iPhone
		{AF9A59E4-7DE2-431D-ACDB-F3FAF0F4AECB}.Ad-Hoc|Any CPU.ActiveCfg = Release|x86
		{AF9A59E4-7DE2-431D-ACDB-F3FAF0F4AECB}.Ad-Hoc|Any CPU.Build.0 = Release|x86
		{AF9A59E4-7DE2-431D-ACDB-F3FAF0F4AECB}.Ad-Hoc|Any CPU.Deploy.0 = Release|x86
		{AF9A59E4-7DE2-431D-ACDB-F3FAF0F4AECB}.Ad-Hoc|ARM.ActiveCfg = Release|ARM
		{AF9A59E4-7DE2-431D-ACDB-F3FAF0F4AECB}.Ad-Hoc|ARM.Build.0 = Release|ARM
		{AF9A59E4-7DE2-431D-ACDB-F3FAF0F4AECB}.Ad-Hoc|ARM.Deploy.0 = Release|ARM
		{AF9A59E4-7DE2-431D-ACDB-F3FAF0F4AECB}.Ad-Hoc|iPhone.ActiveCfg = Release|x86
		{AF9A59E4-7DE2-431D-ACDB-F3FAF0F4AECB}.Ad-Hoc|iPhone.Build.0 = Release|x86
		{AF9A59E4-7DE2-431D-ACDB-F3FAF0F4AECB}.Ad-Hoc|iPhone.Deploy.0 = Release|x86
		{AF9A59E4-7DE2-431D-ACDB-F3FAF0F4AECB}.Ad-Hoc|iPhoneSimulator.ActiveCfg = Release|x86
		{AF9A59E4-7DE2-431D-ACDB-F3FAF0F4AECB}.Ad-Hoc|iPhoneSimulator.Build.0 = Release|x86
		{AF9A59E4-7DE2-431D-ACDB-F3FAF0F4AECB}.Ad-Hoc|iPhoneSimulator.Deploy.0 = Release|x86
		{AF9A59E4-7DE2-431D-ACDB-F3FAF0F4AECB}.Ad-Hoc|x64.ActiveCfg = Release|x64
		{AF9A59E4-7DE2-431D-ACDB-F3FAF0F4AECB}.Ad-Hoc|x64.Build.0 = Release|x64
		{AF9A59E4-7DE2-431D-ACDB-F3FAF0F4AECB}.Ad-Hoc|x64.Deploy.0 = Release|x64
		{AF9A59E4-7DE2-431D-ACDB-F3FAF0F4AECB}.Ad-Hoc|x86.ActiveCfg = Release|x86
		{AF9A59E4-7DE2-431D-ACDB-F3FAF0F4AECB}.Ad-Hoc|x86.Build.0 = Release|x86
		{AF9A59E4-7DE2-431D-ACDB-F3FAF0F4AECB}.Ad-Hoc|x86.Deploy.0 = Release|x86
		{AF9A59E4-7DE2-431D-ACDB-F3FAF0F4AECB}.AppStore|Any CPU.ActiveCfg = Release|x86
		{AF9A59E4-7DE2-431D-ACDB-F3FAF0F4AECB}.AppStore|Any CPU.Build.0 = Release|x86
		{AF9A59E4-7DE2-431D-ACDB-F3FAF0F4AECB}.AppStore|Any CPU.Deploy.0 = Release|x86
		{AF9A59E4-7DE2-431D-ACDB-F3FAF0F4AECB}.AppStore|ARM.ActiveCfg = Release|ARM
		{AF9A59E4-7DE2-431D-ACDB-F3FAF0F4AECB}.AppStore|ARM.Build.0 = Release|ARM
		{AF9A59E4-7DE2-431D-ACDB-F3FAF0F4AECB}.AppStore|ARM.Deploy.0 = Release|ARM
		{AF9A59E4-7DE2-431D-ACDB-F3FAF0F4AECB}.AppStore|iPhone.ActiveCfg = Release|x86
		{AF9A59E4-7DE2-431D-ACDB-F3FAF0F4AECB}.AppStore|iPhone.Build.0 = Release|x86
		{AF9A59E4-7DE2-431D-ACDB-F3FAF0F4AECB}.AppStore|iPhone.Deploy.0 = Release|x86
		{AF9A59E4-7DE2-431D-ACDB-F3FAF0F4AECB}.AppStore|iPhoneSimulator.ActiveCfg = Release|x86
		{AF9A59E4-7DE2-431D-ACDB-F3FAF0F4AECB}.AppStore|iPhoneSimulator.Build.0 = Release|x86
		{AF9A59E4-7DE2-431D-ACDB-F3FAF0F4AECB}.AppStore|iPhoneSimulator.Deploy.0 = Release|x86
		{AF9A59E4-7DE2-431D-ACDB-F3FAF0F4AECB}.AppStore|x64.ActiveCfg = Release|x64
		{AF9A59E4-7DE2-431D-ACDB-F3FAF0F4AECB}.AppStore|x64.Build.0 = Release|x64
		{AF9A59E4-7DE2-431D-ACDB-F3FAF0F4AECB}.AppStore|x64.Deploy.0 = Release|x64
		{AF9A59E4-7DE2-431D-ACDB-F3FAF0F4AECB}.AppStore|x86.ActiveCfg = Release|x86
		{AF9A59E4-7DE2-431D-ACDB-F3FAF0F4AECB}.AppStore|x86.Build.0 = Release|x86
		{AF9A59E4-7DE2-431D-ACDB-F3FAF0F4AECB}.AppStore|x86.Deploy.0 = Release|x86
		{AF9A59E4-7DE2-431D-ACDB-F3FAF0F4AECB}.Debug|Any CPU.ActiveCfg = Debug|x86
		{AF9A59E4-7DE2-431D-ACDB-F3FAF0F4AECB}.Debug|ARM.ActiveCfg = Debug|ARM
		{AF9A59E4-7DE2-431D-ACDB-F3FAF0F4AECB}.Debug|ARM.Build.0 = Debug|ARM
		{AF9A59E4-7DE2-431D-ACDB-F3FAF0F4AECB}.Debug|ARM.Deploy.0 = Debug|ARM
		{AF9A59E4-7DE2-431D-ACDB-F3FAF0F4AECB}.Debug|iPhone.ActiveCfg = Debug|x86
		{AF9A59E4-7DE2-431D-ACDB-F3FAF0F4AECB}.Debug|iPhoneSimulator.ActiveCfg = Debug|x86
		{AF9A59E4-7DE2-431D-ACDB-F3FAF0F4AECB}.Debug|x64.ActiveCfg = Debug|x64
		{AF9A59E4-7DE2-431D-ACDB-F3FAF0F4AECB}.Debug|x64.Build.0 = Debug|x64
		{AF9A59E4-7DE2-431D-ACDB-F3FAF0F4AECB}.Debug|x64.Deploy.0 = Debug|x64
		{AF9A59E4-7DE2-431D-ACDB-F3FAF0F4AECB}.Debug|x86.ActiveCfg = Debug|x86
		{AF9A59E4-7DE2-431D-ACDB-F3FAF0F4AECB}.Debug|x86.Build.0 = Debug|x86
		{AF9A59E4-7DE2-431D-ACDB-F3FAF0F4AECB}.Debug|x86.Deploy.0 = Debug|x86
		{AF9A59E4-7DE2-431D-ACDB-F3FAF0F4AECB}.Release|Any CPU.ActiveCfg = Release|x86
		{AF9A59E4-7DE2-431D-ACDB-F3FAF0F4AECB}.Release|ARM.ActiveCfg = Release|ARM
		{AF9A59E4-7DE2-431D-ACDB-F3FAF0F4AECB}.Release|ARM.Build.0 = Release|ARM
		{AF9A59E4-7DE2-431D-ACDB-F3FAF0F4AECB}.Release|ARM.Deploy.0 = Release|ARM
		{AF9A59E4-7DE2-431D-ACDB-F3FAF0F4AECB}.Release|iPhone.ActiveCfg = Release|x86
		{AF9A59E4-7DE2-431D-ACDB-F3FAF0F4AECB}.Release|iPhoneSimulator.ActiveCfg = Release|x86
		{AF9A59E4-7DE2-431D-ACDB-F3FAF0F4AECB}.Release|x64.ActiveCfg = Release|x64
		{AF9A59E4-7DE2-431D-ACDB-F3FAF0F4AECB}.Release|x64.Build.0 = Release|x64
		{AF9A59E4-7DE2-431D-ACDB-F3FAF0F4AECB}.Release|x64.Deploy.0 = Release|x64
		{AF9A59E4-7DE2-431D-ACDB-F3FAF0F4AECB}.Release|x86.ActiveCfg = Release|x86
		{AF9A59E4-7DE2-431D-ACDB-F3FAF0F4AECB}.Release|x86.Build.0 = Release|x86
		{AF9A59E4-7DE2-431D-ACDB-F3FAF0F4AECB}.Release|x86.Deploy.0 = Release|x86
	EndGlobalSection
	GlobalSection(SolutionProperties) = preSolution
		HideSolutionNode = FALSE
	EndGlobalSection
	GlobalSection(ExtensibilityGlobals) = postSolution
		SolutionGuid = {2E3F1689-6B1D-41B5-9296-F653714F3111}
	EndGlobalSection
EndGlobal
